
Microsoft Visual Studio Solution File, Format Version 12.00
# Visual Studio 15
VisualStudioVersion = 15.0.26730.12
MinimumVisualStudioVersion = 10.0.40219.1
Project("{FAE04EC0-301F-11D3-BF4B-00C04F79EFBC}") = "SingeltonExample", "SingeltonExample\SingeltonExample.csproj", "{07D0A893-3841-4379-AA3C-2ACAC00F9D2A}"
EndProject
Project("{FAE04EC0-301F-11D3-BF4B-00C04F79EFBC}") = "FactoryMethodExample", "FactoryMethodExample\FactoryMethodExample.csproj", "{8071BB50-9F0F-4AE8-A7A7-42C072C9777A}"
EndProject
Project("{FAE04EC0-301F-11D3-BF4B-00C04F79EFBC}") = "BuilderExample", "BuilderExample\BuilderExample.csproj", "{55F459D0-E10F-4234-A852-D5E62DB1A0AC}"
EndProject
Project("{FAE04EC0-301F-11D3-BF4B-00C04F79EFBC}") = "CompositeExample", "CompositeExample\CompositeExample.csproj", "{1758D86D-8E4F-4D2D-932B-4228B1569CDD}"
EndProject
Project("{FAE04EC0-301F-11D3-BF4B-00C04F79EFBC}") = "DecoratorExample", "DecoratorExample\DecoratorExample.csproj", "{7E06C2AB-1C81-473E-8AC4-739EBC725A08}"
EndProject
Project("{FAE04EC0-301F-11D3-BF4B-00C04F79EFBC}") = "HalloDelegates", "HalloDelegates\HalloDelegates.csproj", "{C65F9B4D-0163-42E4-826C-B51C31A75423}"
EndProject
Project("{FAE04EC0-301F-11D3-BF4B-00C04F79EFBC}") = "DelegatesInPraxis", "DelegatesInPraxis\DelegatesInPraxis.csproj", "{72C233DC-5616-4D65-BFCB-FB138E7CE68D}"
EndProject
Project("{FAE04EC0-301F-11D3-BF4B-00C04F79EFBC}") = "TemplateMethod", "TemplateMethod\TemplateMethod.csproj", "{BF094EBC-1A49-4053-A5C9-D3EAD1D422B6}"
EndProject
Global
	GlobalSection(SolutionConfigurationPlatforms) = preSolution
		Debug|Any CPU = Debug|Any CPU
		Release|Any CPU = Release|Any CPU
	EndGlobalSection
	GlobalSection(ProjectConfigurationPlatforms) = postSolution
		{07D0A893-3841-4379-AA3C-2ACAC00F9D2A}.Debug|Any CPU.ActiveCfg = Debug|Any CPU
		{07D0A893-3841-4379-AA3C-2ACAC00F9D2A}.Debug|Any CPU.Build.0 = Debug|Any CPU
		{07D0A893-3841-4379-AA3C-2ACAC00F9D2A}.Release|Any CPU.ActiveCfg = Release|Any CPU
		{07D0A893-3841-4379-AA3C-2ACAC00F9D2A}.Release|Any CPU.Build.0 = Release|Any CPU
		{8071BB50-9F0F-4AE8-A7A7-42C072C9777A}.Debug|Any CPU.ActiveCfg = Debug|Any CPU
		{8071BB50-9F0F-4AE8-A7A7-42C072C9777A}.Debug|Any CPU.Build.0 = Debug|Any CPU
		{8071BB50-9F0F-4AE8-A7A7-42C072C9777A}.Release|Any CPU.ActiveCfg = Release|Any CPU
		{8071BB50-9F0F-4AE8-A7A7-42C072C9777A}.Release|Any CPU.Build.0 = Release|Any CPU
		{55F459D0-E10F-4234-A852-D5E62DB1A0AC}.Debug|Any CPU.ActiveCfg = Debug|Any CPU
		{55F459D0-E10F-4234-A852-D5E62DB1A0AC}.Debug|Any CPU.Build.0 = Debug|Any CPU
		{55F459D0-E10F-4234-A852-D5E62DB1A0AC}.Release|Any CPU.ActiveCfg = Release|Any CPU
		{55F459D0-E10F-4234-A852-D5E62DB1A0AC}.Release|Any CPU.Build.0 = Release|Any CPU
		{1758D86D-8E4F-4D2D-932B-4228B1569CDD}.Debug|Any CPU.ActiveCfg = Debug|Any CPU
		{1758D86D-8E4F-4D2D-932B-4228B1569CDD}.Debug|Any CPU.Build.0 = Debug|Any CPU
		{1758D86D-8E4F-4D2D-932B-4228B1569CDD}.Release|Any CPU.ActiveCfg = Release|Any CPU
		{1758D86D-8E4F-4D2D-932B-4228B1569CDD}.Release|Any CPU.Build.0 = Release|Any CPU
		{7E06C2AB-1C81-473E-8AC4-739EBC725A08}.Debug|Any CPU.ActiveCfg = Debug|Any CPU
		{7E06C2AB-1C81-473E-8AC4-739EBC725A08}.Debug|Any CPU.Build.0 = Debug|Any CPU
		{7E06C2AB-1C81-473E-8AC4-739EBC725A08}.Release|Any CPU.ActiveCfg = Release|Any CPU
		{7E06C2AB-1C81-473E-8AC4-739EBC725A08}.Release|Any CPU.Build.0 = Release|Any CPU
		{C65F9B4D-0163-42E4-826C-B51C31A75423}.Debug|Any CPU.ActiveCfg = Debug|Any CPU
		{C65F9B4D-0163-42E4-826C-B51C31A75423}.Debug|Any CPU.Build.0 = Debug|Any CPU
		{C65F9B4D-0163-42E4-826C-B51C31A75423}.Release|Any CPU.ActiveCfg = Release|Any CPU
		{C65F9B4D-0163-42E4-826C-B51C31A75423}.Release|Any CPU.Build.0 = Release|Any CPU
		{72C233DC-5616-4D65-BFCB-FB138E7CE68D}.Debug|Any CPU.ActiveCfg = Debug|Any CPU
		{72C233DC-5616-4D65-BFCB-FB138E7CE68D}.Debug|Any CPU.Build.0 = Debug|Any CPU
		{72C233DC-5616-4D65-BFCB-FB138E7CE68D}.Release|Any CPU.ActiveCfg = Release|Any CPU
		{72C233DC-5616-4D65-BFCB-FB138E7CE68D}.Release|Any CPU.Build.0 = Release|Any CPU
		{BF094EBC-1A49-4053-A5C9-D3EAD1D422B6}.Debug|Any CPU.ActiveCfg = Debug|Any CPU
		{BF094EBC-1A49-4053-A5C9-D3EAD1D422B6}.Debug|Any CPU.Build.0 = Debug|Any CPU
		{BF094EBC-1A49-4053-A5C9-D3EAD1D422B6}.Release|Any CPU.ActiveCfg = Release|Any CPU
		{BF094EBC-1A49-4053-A5C9-D3EAD1D422B6}.Release|Any CPU.Build.0 = Release|Any CPU
	EndGlobalSection
	GlobalSection(SolutionProperties) = preSolution
		HideSolutionNode = FALSE
	EndGlobalSection
	GlobalSection(ExtensibilityGlobals) = postSolution
		SolutionGuid = {7F20E210-3918-46B9-BA82-9692705090F1}
	EndGlobalSection
EndGlobal
