
Microsoft Visual Studio Solution File, Format Version 12.00
# Visual Studio 15
VisualStudioVersion = 15.0.26730.12
MinimumVisualStudioVersion = 10.0.40219.1
Project("{FAE04EC0-301F-11D3-BF4B-00C04F79EFBC}") = "SingeltonExample", "SingeltonExample\SingeltonExample.csproj", "{07D0A893-3841-4379-AA3C-2ACAC00F9D2A}"
EndProject
Global
	GlobalSection(SolutionConfigurationPlatforms) = preSolution
		Debug|Any CPU = Debug|Any CPU
		Release|Any CPU = Release|Any CPU
	EndGlobalSection
	GlobalSection(ProjectConfigurationPlatforms) = postSolution
		{07D0A893-3841-4379-AA3C-2ACAC00F9D2A}.Debug|Any CPU.ActiveCfg = Debug|Any CPU
		{07D0A893-3841-4379-AA3C-2ACAC00F9D2A}.Debug|Any CPU.Build.0 = Debug|Any CPU
		{07D0A893-3841-4379-AA3C-2ACAC00F9D2A}.Release|Any CPU.ActiveCfg = Release|Any CPU
		{07D0A893-3841-4379-AA3C-2ACAC00F9D2A}.Release|Any CPU.Build.0 = Release|Any CPU
	EndGlobalSection
	GlobalSection(SolutionProperties) = preSolution
		HideSolutionNode = FALSE
	EndGlobalSection
	GlobalSection(ExtensibilityGlobals) = postSolution
		SolutionGuid = {7F20E210-3918-46B9-BA82-9692705090F1}
	EndGlobalSection
EndGlobal
